<?xml version="1.0" encoding="utf-8"?>
<Project ToolsVersion="4.0" xmlns="http://schemas.microsoft.com/developer/msbuild/2003">
  <ItemGroup>
    <Filter Include="Исходные файлы">
      <UniqueIdentifier>{4FC737F1-C7A5-4376-A066-2A32D752A2FF}</UniqueIdentifier>
      <Extensions>cpp;c;cc;cxx;c++;cppm;ixx;def;odl;idl;hpj;bat;asm;asmx</Extensions>
    </Filter>
    <Filter Include="Файлы заголовков">
      <UniqueIdentifier>{93995380-89BD-4b04-88EB-625FBE52EBFB}</UniqueIdentifier>
      <Extensions>h;hh;hpp;hxx;h++;hm;inl;inc;ipp;xsd</Extensions>
    </Filter>
    <Filter Include="Файлы ресурсов">
      <UniqueIdentifier>{67DA6AB6-F800-4c08-8B7A-83BB121AAD01}</UniqueIdentifier>
      <Extensions>rc;ico;cur;bmp;dlg;rc2;rct;bin;rgs;gif;jpg;jpeg;jpe;resx;tiff;tif;png;wav;mfcribbon-ms</Extensions>
    </Filter>
  </ItemGroup>
  <ItemGroup>
    <ClCompile Include="main.cpp">
      <Filter>Исходные файлы</Filter>
    </ClCompile>
    <ClCompile Include="Game.cpp">
      <Filter>Исходные файлы</Filter>
    </ClCompile>
    <ClCompile Include="GameUnit.cpp">
      <Filter>Исходные файлы</Filter>
    </ClCompile>
    <ClCompile Include="WayFinder.cpp">
      <Filter>Исходные файлы</Filter>
    </ClCompile>
    <ClCompile Include="UnitMover.cpp">
      <Filter>Исходные файлы</Filter>
    </ClCompile>
    <ClCompile Include="MiniMap.cpp">
      <Filter>Исходные файлы</Filter>
    </ClCompile>
    <ClCompile Include="..\..\libs\SfmlGameEngine\src\SfmlTools.cpp">
      <Filter>Исходные файлы</Filter>
    </ClCompile>
    <ClCompile Include="UnitComponent.cpp">
      <Filter>Исходные файлы</Filter>
    </ClCompile>
    <ClCompile Include="components\ComponentResource.cpp">
      <Filter>Исходные файлы</Filter>
    </ClCompile>
    <ClCompile Include="components\ComponentMeleeEnemy.cpp">
      <Filter>Исходные файлы</Filter>
    </ClCompile>
    <ClCompile Include="UnitFactory.cpp">
      <Filter>Исходные файлы</Filter>
    </ClCompile>
    <ClCompile Include="components\ComponentPortal.cpp">
      <Filter>Исходные файлы</Filter>
    </ClCompile>
    <ClCompile Include="components\ComponentUnicorn.cpp">
      <Filter>Исходные файлы</Filter>
    </ClCompile>
    <ClCompile Include="components\ComponentHarvester.cpp">
      <Filter>Исходные файлы</Filter>
    </ClCompile>
    <ClCompile Include="components\ComponentAttacker.cpp">
      <Filter>Исходные файлы</Filter>
    </ClCompile>
    <ClCompile Include="FinderByBestDistance.cpp">
      <Filter>Исходные файлы</Filter>
    </ClCompile>
    <ClCompile Include="components\ComponentEnemyTarget.cpp">
      <Filter>Исходные файлы</Filter>
    </ClCompile>
    <ClCompile Include="components\ComponentEnemyLair.cpp">
      <Filter>Исходные файлы</Filter>
    </ClCompile>
    <ClCompile Include="components\ComponentEnemy.cpp">
      <Filter>Исходные файлы</Filter>
    </ClCompile>
    <ClCompile Include="..\..\libs\SfmlGameEngine\src\Animation.cpp">
      <Filter>Исходные файлы</Filter>
    </ClCompile>
    <ClCompile Include="components\ComponentHealer.cpp">
      <Filter>Исходные файлы</Filter>
    </ClCompile>
    <ClCompile Include="components\ComponentRadar.cpp">
      <Filter>Исходные файлы</Filter>
    </ClCompile>
    <ClCompile Include="SubTerrainBuilder.cpp">
      <Filter>Исходные файлы</Filter>
    </ClCompile>
    <ClCompile Include="FogBuilder.cpp">
      <Filter>Исходные файлы</Filter>
    </ClCompile>
    <ClCompile Include="ClickerCounter.cpp">
      <Filter>Исходные файлы</Filter>
    </ClCompile>
    <ClCompile Include="MushroomNet.cpp">
      <Filter>Исходные файлы</Filter>
    </ClCompile>
    <ClCompile Include="components\ComponentDetoxer.cpp">
      <Filter>Исходные файлы</Filter>
    </ClCompile>
    <ClCompile Include="SeedStore.cpp">
      <Filter>Исходные файлы</Filter>
    </ClCompile>
    <ClCompile Include="..\..\libs\HelperCppClasses\src\Countdown.cpp">
      <Filter>Исходные файлы</Filter>
    </ClCompile>
    <ClCompile Include="..\..\libs\HelperCppClasses\src\Vector2D.cpp">
      <Filter>Исходные файлы</Filter>
    </ClCompile>
    <ClCompile Include="components\ComponentShield.cpp">
      <Filter>Исходные файлы</Filter>
    </ClCompile>
    <ClCompile Include="UnitSelector.cpp">
      <Filter>Исходные файлы</Filter>
    </ClCompile>
    <ClCompile Include="..\..\libs\SfmlGameEngine\src\Engine.cpp">
      <Filter>Исходные файлы</Filter>
    </ClCompile>
    <ClCompile Include="..\..\libs\SfmlGameEngine\src\Scene.cpp">
      <Filter>Исходные файлы</Filter>
    </ClCompile>
    <ClCompile Include="..\..\libs\HelperCppClasses\src\StringTools.cpp">
      <Filter>Исходные файлы</Filter>
    </ClCompile>
    <ClCompile Include="..\..\libs\SfmlGameEngine\src\Texts.cpp">
      <Filter>Исходные файлы</Filter>
    </ClCompile>
    <ClCompile Include="..\..\libs\SfmlGameEngine\src\Colors.cpp">
      <Filter>Исходные файлы</Filter>
    </ClCompile>
    <ClCompile Include="..\..\libs\SfmlGameEngine\src\Button.cpp">
      <Filter>Исходные файлы</Filter>
    </ClCompile>
    <ClCompile Include="..\..\libs\SfmlGameEngine\src\Profile.cpp">
      <Filter>Исходные файлы</Filter>
    </ClCompile>
    <ClCompile Include="..\..\libs\SfmlGameEngine\src\Checkbox.cpp">
      <Filter>Исходные файлы</Filter>
    </ClCompile>
    <ClCompile Include="..\..\libs\SfmlGameEngine\src\CheckboxGroup.cpp">
      <Filter>Исходные файлы</Filter>
    </ClCompile>
    <ClCompile Include="UserProfile.cpp">
      <Filter>Исходные файлы</Filter>
    </ClCompile>
    <ClCompile Include="scenes\SceneCloseHandler.cpp">
      <Filter>Исходные файлы</Filter>
    </ClCompile>
    <ClCompile Include="scenes\SceneEndGame.cpp">
      <Filter>Исходные файлы</Filter>
    </ClCompile>
    <ClCompile Include="scenes\SceneGame.cpp">
      <Filter>Исходные файлы</Filter>
    </ClCompile>
    <ClCompile Include="scenes\SceneGameMenu.cpp">
      <Filter>Исходные файлы</Filter>
    </ClCompile>
    <ClCompile Include="scenes\SceneHelp.cpp">
      <Filter>Исходные файлы</Filter>
    </ClCompile>
    <ClCompile Include="scenes\SceneMainMenu.cpp">
      <Filter>Исходные файлы</Filter>
    </ClCompile>
    <ClCompile Include="scenes\SceneOptions.cpp">
      <Filter>Исходные файлы</Filter>
    </ClCompile>
    <ClCompile Include="scenes\SceneStartMenu.cpp">
      <Filter>Исходные файлы</Filter>
    </ClCompile>
    <ClCompile Include="scenes\SceneTask.cpp">
      <Filter>Исходные файлы</Filter>
    </ClCompile>
    <ClCompile Include="scenes\SceneJournal.cpp">
      <Filter>Исходные файлы</Filter>
    </ClCompile>
    <ClCompile Include="scenes\SceneCompany.cpp">
      <Filter>Исходные файлы</Filter>
    </ClCompile>
    <ClCompile Include="scenes\ScenePostfix.cpp">
      <Filter>Исходные файлы</Filter>
    </ClCompile>
    <ClCompile Include="components\ComponentMachine.cpp">
      <Filter>Исходные файлы</Filter>
    </ClCompile>
    <ClCompile Include="components\ComponentAcademy.cpp">
      <Filter>Исходные файлы</Filter>
    </ClCompile>
    <ClCompile Include="components\ComponentMachinary.cpp">
      <Filter>Исходные файлы</Filter>
    </ClCompile>
    <ClCompile Include="components\ComponentBuilding.cpp">
      <Filter>Исходные файлы</Filter>
    </ClCompile>
    <ClCompile Include="components\ComponentMultiselect.cpp">
      <Filter>Исходные файлы</Filter>
    </ClCompile>
    <ClCompile Include="..\..\libs\SfmlGameEngine\src\Logger.cpp">
      <Filter>Исходные файлы</Filter>
    </ClCompile>
    <ClCompile Include="scenes\SceneMsgBox.cpp">
      <Filter>Исходные файлы</Filter>
    </ClCompile>
    <ClCompile Include="CompanyInfo.cpp">
      <Filter>Исходные файлы</Filter>
    </ClCompile>
    <ClCompile Include="..\..\libs\SfmlGameEngine\src\Languages.cpp">
      <Filter>Исходные файлы</Filter>
    </ClCompile>
    <ClCompile Include="components\ComponentClearFog.cpp">
      <Filter>Исходные файлы</Filter>
    </ClCompile>
  </ItemGroup>
  <ItemGroup>
    <ClInclude Include="version.h">
      <Filter>Файлы заголовков</Filter>
    </ClInclude>
    <ClInclude Include="Game.h">
      <Filter>Файлы заголовков</Filter>
    </ClInclude>
    <ClInclude Include="GameUnit.h">
      <Filter>Файлы заголовков</Filter>
    </ClInclude>
    <ClInclude Include="WayFinder.h">
      <Filter>Файлы заголовков</Filter>
    </ClInclude>
    <ClInclude Include="UnitMover.h">
      <Filter>Файлы заголовков</Filter>
    </ClInclude>
    <ClInclude Include="MiniMap.h">
      <Filter>Файлы заголовков</Filter>
    </ClInclude>
    <ClInclude Include="UnitComponent.h">
      <Filter>Файлы заголовков</Filter>
    </ClInclude>
    <ClInclude Include="components\ComponentResource.h">
      <Filter>Файлы заголовков</Filter>
    </ClInclude>
    <ClInclude Include="components\ComponentMeleeEnemy.h">
      <Filter>Файлы заголовков</Filter>
    </ClInclude>
    <ClInclude Include="UnitFactory.h">
      <Filter>Файлы заголовков</Filter>
    </ClInclude>
    <ClInclude Include="components\ComponentPortal.h">
      <Filter>Файлы заголовков</Filter>
    </ClInclude>
    <ClInclude Include="components\ComponentUnicorn.h">
      <Filter>Файлы заголовков</Filter>
    </ClInclude>
    <ClInclude Include="components\ComponentHarvester.h">
      <Filter>Файлы заголовков</Filter>
    </ClInclude>
    <ClInclude Include="components\ComponentAttacker.h">
      <Filter>Файлы заголовков</Filter>
    </ClInclude>
    <ClInclude Include="FinderByBestDistance.h">
      <Filter>Файлы заголовков</Filter>
    </ClInclude>
    <ClInclude Include="components\ComponentEnemyTarget.h">
      <Filter>Файлы заголовков</Filter>
    </ClInclude>
    <ClInclude Include="components\ComponentEnemyLair.h">
      <Filter>Файлы заголовков</Filter>
    </ClInclude>
    <ClInclude Include="components\ComponentEnemy.h">
      <Filter>Файлы заголовков</Filter>
    </ClInclude>
    <ClInclude Include="components\ComponentHealer.h">
      <Filter>Файлы заголовков</Filter>
    </ClInclude>
    <ClInclude Include="components\ComponentRadar.h">
      <Filter>Файлы заголовков</Filter>
    </ClInclude>
    <ClInclude Include="SubTerrainBuilder.h">
      <Filter>Файлы заголовков</Filter>
    </ClInclude>
    <ClInclude Include="FogBuilder.h">
      <Filter>Файлы заголовков</Filter>
    </ClInclude>
    <ClInclude Include="ClickerCounter.h">
      <Filter>Файлы заголовков</Filter>
    </ClInclude>
    <ClInclude Include="MushroomNet.h">
      <Filter>Файлы заголовков</Filter>
    </ClInclude>
    <ClInclude Include="components\ComponentDetoxer.h">
      <Filter>Файлы заголовков</Filter>
    </ClInclude>
    <ClInclude Include="SeedStore.h">
      <Filter>Файлы заголовков</Filter>
    </ClInclude>
    <ClInclude Include="components\ComponentShield.h">
      <Filter>Файлы заголовков</Filter>
    </ClInclude>
    <ClInclude Include="UnitSelector.h">
      <Filter>Файлы заголовков</Filter>
    </ClInclude>
    <ClInclude Include="UserProfile.h">
      <Filter>Файлы заголовков</Filter>
    </ClInclude>
    <ClInclude Include="scenes\SceneCloseHandler.h">
      <Filter>Файлы заголовков</Filter>
    </ClInclude>
    <ClInclude Include="scenes\SceneEndGame.h">
      <Filter>Файлы заголовков</Filter>
    </ClInclude>
    <ClInclude Include="scenes\SceneGame.h">
      <Filter>Файлы заголовков</Filter>
    </ClInclude>
    <ClInclude Include="scenes\SceneGameMenu.h">
      <Filter>Файлы заголовков</Filter>
    </ClInclude>
    <ClInclude Include="scenes\SceneHelp.h">
      <Filter>Файлы заголовков</Filter>
    </ClInclude>
    <ClInclude Include="scenes\SceneMainMenu.h">
      <Filter>Файлы заголовков</Filter>
    </ClInclude>
    <ClInclude Include="scenes\SceneOptions.h">
      <Filter>Файлы заголовков</Filter>
    </ClInclude>
    <ClInclude Include="scenes\SceneStartMenu.h">
      <Filter>Файлы заголовков</Filter>
    </ClInclude>
    <ClInclude Include="scenes\SceneTask.h">
      <Filter>Файлы заголовков</Filter>
    </ClInclude>
    <ClInclude Include="scenes\SceneJournal.h">
      <Filter>Файлы заголовков</Filter>
    </ClInclude>
    <ClInclude Include="scenes\SceneCompany.h">
      <Filter>Файлы заголовков</Filter>
    </ClInclude>
    <ClInclude Include="scenes\ScenePostfix.h">
      <Filter>Файлы заголовков</Filter>
    </ClInclude>
    <ClInclude Include="components\ComponentMachine.h">
      <Filter>Файлы заголовков</Filter>
    </ClInclude>
    <ClInclude Include="components\ComponentAcademy.h">
      <Filter>Файлы заголовков</Filter>
    </ClInclude>
    <ClInclude Include="components\ComponentMachinary.h">
      <Filter>Файлы заголовков</Filter>
    </ClInclude>
    <ClInclude Include="components\ComponentBuilding.h">
      <Filter>Файлы заголовков</Filter>
    </ClInclude>
    <ClInclude Include="components\ComponentMultiselect.h">
      <Filter>Файлы заголовков</Filter>
    </ClInclude>
    <ClInclude Include="scenes\SceneMsgBox.h">
      <Filter>Файлы заголовков</Filter>
    </ClInclude>
    <ClInclude Include="CompanyInfo.h">
      <Filter>Файлы заголовков</Filter>
    </ClInclude>
    <ClInclude Include="components\ComponentClearFog.h">
      <Filter>Файлы заголовков</Filter>
    </ClInclude>
  </ItemGroup>
</Project>